
Microsoft Visual Studio Solution File, Format Version 12.00
# Visual Studio Version 16
VisualStudioVersion = 16.0.30413.136
MinimumVisualStudioVersion = 10.0.40219.1
Project("{8BC9CEB8-8B4A-11D0-8D11-00A0C91BC942}") = "virtual", "virtual\virtual.vcxproj", "{ABFC6567-F0A9-47BA-9672-90F2CA18BF00}"
EndProject
Global
	GlobalSection(SolutionConfigurationPlatforms) = preSolution
		Debug|x64 = Debug|x64
		Debug|x86 = Debug|x86
		Release|x64 = Release|x64
		Release|x86 = Release|x86
	EndGlobalSection
	GlobalSection(ProjectConfigurationPlatforms) = postSolution
		{ABFC6567-F0A9-47BA-9672-90F2CA18BF00}.Debug|x64.ActiveCfg = Debug|x64
		{ABFC6567-F0A9-47BA-9672-90F2CA18BF00}.Debug|x64.Build.0 = Debug|x64
		{ABFC6567-F0A9-47BA-9672-90F2CA18BF00}.Debug|x86.ActiveCfg = Debug|Win32
		{ABFC6567-F0A9-47BA-9672-90F2CA18BF00}.Debug|x86.Build.0 = Debug|Win32
		{ABFC6567-F0A9-47BA-9672-90F2CA18BF00}.Release|x64.ActiveCfg = Release|x64
		{ABFC6567-F0A9-47BA-9672-90F2CA18BF00}.Release|x64.Build.0 = Release|x64
		{ABFC6567-F0A9-47BA-9672-90F2CA18BF00}.Release|x86.ActiveCfg = Release|Win32
		{ABFC6567-F0A9-47BA-9672-90F2CA18BF00}.Release|x86.Build.0 = Release|Win32
	EndGlobalSection
	GlobalSection(SolutionProperties) = preSolution
		HideSolutionNode = FALSE
	EndGlobalSection
	GlobalSection(ExtensibilityGlobals) = postSolution
		SolutionGuid = {54B268C2-C486-4714-ABBE-1476508873DA}
	EndGlobalSection
EndGlobal
